{
	"requires": true,
	"lockfileVersion": 1,
	"dependencies": {
		"@keydonix/uniswap-oracle-contracts": {
			"version": "file:../contracts",
			"dev": true
		},
		"@keydonix/uniswap-oracle-sdk": {
			"version": "file:../sdk",
			"dependencies": {
				"@zoltu/rlp-encoder": {
					"version": "2.0.0",
					"resolved": "https://registry.npmjs.org/@zoltu/rlp-encoder/-/rlp-encoder-2.0.0.tgz",
					"integrity": "sha512-JybDoEKQvfmtqRARS/4KSZTOTTkNScjm4sjsNXiXx0LBZLONPj8JMRtteR/A9n7+CgDNN6ZA0qnFFm/pXCQXnw=="
				},
				"@zoltu/typescript-transformer-append-js-extension": {
					"version": "1.0.1",
					"resolved": "https://registry.npmjs.org/@zoltu/typescript-transformer-append-js-extension/-/typescript-transformer-append-js-extension-1.0.1.tgz",
					"integrity": "sha512-7Lp30MtJO7YHZW19yJWhkuJrf+Y78COHopeZli7fiWrbIRvodsSXZIa7cFX/c4PFwFJt55N/7Pp/t6VH0fwBVQ=="
				},
				"arg": {
					"version": "4.1.3",
					"resolved": "https://registry.npmjs.org/arg/-/arg-4.1.3.tgz",
					"integrity": "sha512-58S9QDqG0Xx27YwPSt9fJxivjYl432YCwfDMfZ+71RAqUrZef7LrKQZ3LHLOwCS4FLNBplP533Zx895SeOCHvA=="
				},
				"buffer-from": {
					"version": "1.1.1",
					"resolved": "https://registry.npmjs.org/buffer-from/-/buffer-from-1.1.1.tgz",
					"integrity": "sha512-MQcXEUbCKtEo7bhqEs6560Hyd4XaovZlO/k9V3hjVUF/zwW7KBVdSK4gIt/bzwS9MbR5qob+F5jusZsb0YQK2A=="
				},
				"diff": {
					"version": "4.0.2",
					"resolved": "https://registry.npmjs.org/diff/-/diff-4.0.2.tgz",
					"integrity": "sha512-58lmxKSA4BNyLz+HHMUzlOEpg09FV+ev6ZMe3vJihgdxzgcwZ8VoEEPmALCZG9LmqfVoNMMKpttIYTVG6uDY7A=="
				},
				"make-error": {
					"version": "1.3.6",
					"resolved": "https://registry.npmjs.org/make-error/-/make-error-1.3.6.tgz",
					"integrity": "sha512-s8UhlNe7vPKomQhC1qFelMokr/Sc3AgNbso3n74mVPA5LTZwkB9NlXf4XPamLxJE8h0gh73rM94xvwRT2CVInw=="
				},
				"path-parse": {
					"version": "1.0.6",
					"resolved": "https://registry.npmjs.org/path-parse/-/path-parse-1.0.6.tgz",
					"integrity": "sha512-GSmOT2EbHrINBf9SR7CDELwlJ8AENk3Qn7OikK4nFYAu3Ote2+JYNVvkpAEQm3/TLNEJFD/xZJjzyxg3KBWOzw=="
				},
				"resolve": {
					"version": "1.17.0",
					"resolved": "https://registry.npmjs.org/resolve/-/resolve-1.17.0.tgz",
					"integrity": "sha512-ic+7JYiV8Vi2yzQGFWOkiZD5Z9z7O2Zhm9XMaTxdJExKasieFCr+yXZ/WmXsckHiKl12ar0y6XiXDx3m4RHn1w==",
					"requires": {
						"path-parse": "^1.0.6"
					}
				},
				"source-map": {
					"version": "0.6.1",
					"resolved": "https://registry.npmjs.org/source-map/-/source-map-0.6.1.tgz",
					"integrity": "sha512-UjgapumWlbMhkBgzT7Ykc5YXUT46F0iKu8SGXq0bcwP5dz/h0Plj6enJqjz1Zbq2l5WaqYnrVbwWOWMyF3F47g=="
				},
				"source-map-support": {
					"version": "0.5.19",
					"resolved": "https://registry.npmjs.org/source-map-support/-/source-map-support-0.5.19.tgz",
					"integrity": "sha512-Wonm7zOCIJzBGQdB+thsPar0kYuCIzYvxZwlBa87yi/Mdjv7Tip2cyVbLj5o0cFPN4EVkuTwb3GDDyUx2DGnGw==",
					"requires": {
						"buffer-from": "^1.0.0",
						"source-map": "^0.6.0"
					}
				},
				"ts-node": {
					"version": "8.10.1",
					"resolved": "https://registry.npmjs.org/ts-node/-/ts-node-8.10.1.tgz",
					"integrity": "sha512-bdNz1L4ekHiJul6SHtZWs1ujEKERJnHs4HxN7rjTyyVOFf3HaJ6sLqe6aPG62XTzAB/63pKRh5jTSWL0D7bsvw==",
					"requires": {
						"arg": "^4.1.0",
						"diff": "^4.0.1",
						"make-error": "^1.1.1",
						"source-map-support": "^0.5.17",
						"yn": "3.1.1"
					}
				},
				"ttypescript": {
					"version": "1.5.10",
					"resolved": "https://registry.npmjs.org/ttypescript/-/ttypescript-1.5.10.tgz",
					"integrity": "sha512-Hk7TRej1hM+p+Fo+Pyb/XK9pe9CAt3Sh5n5YRutxFS8hUgkh2u1Vd2K40kMcNP3WYhiVFBMqXwM/2E8O95Ep6g==",
					"requires": {
						"resolve": "^1.9.0"
					}
				},
				"typescript": {
					"version": "3.9.3",
					"resolved": "https://registry.npmjs.org/typescript/-/typescript-3.9.3.tgz",
					"integrity": "sha512-D/wqnB2xzNFIcoBG9FG8cXRDjiqSTbG2wd8DMZeQyJlP1vfTkIxH4GKveWaEBYySKIg+USu+E+EDIR47SqnaMQ=="
				},
				"yn": {
					"version": "3.1.1",
					"resolved": "https://registry.npmjs.org/yn/-/yn-3.1.1.tgz",
					"integrity": "sha512-Ux4ygGWsu2c7isFWe8Yu1YluJmqVhxqK2cLXNQA5AcC3QfbGNpM7fu0Y8b/z16pXLnFxZYvWhd3fhBY9DLmC6Q=="
				}
			}
		},
		"@peculiar/asn1-schema": {
			"version": "2.0.3",
			"resolved": "https://registry.npmjs.org/@peculiar/asn1-schema/-/asn1-schema-2.0.3.tgz",
			"integrity": "sha512-STqC+Tfx2dTiIGRmokjsKOeqsfhoV6WaBwFr7BVicSfHLAVSPrZXiugyD8AELrjQdJ9INWpL3N7YSJyU5a1ZwA==",
			"dev": true,
			"requires": {
				"@types/asn1js": "^0.0.1",
				"asn1js": "^2.0.26",
				"pvtsutils": "^1.0.10",
				"tslib": "^1.11.1"
			}
		},
		"@peculiar/json-schema": {
			"version": "1.1.10",
			"resolved": "https://registry.npmjs.org/@peculiar/json-schema/-/json-schema-1.1.10.tgz",
			"integrity": "sha512-kbpnG9CkF1y6wwGkW7YtSA+yYK4X5uk4rAwsd1hxiaYE3Hkw2EsGlbGh/COkMLyFf+Fe830BoFiMSB3QnC/ItA==",
			"dev": true,
			"requires": {
				"tslib": "^1.11.1"
			}
		},
		"@peculiar/webcrypto": {
			"version": "1.1.1",
			"resolved": "https://registry.npmjs.org/@peculiar/webcrypto/-/webcrypto-1.1.1.tgz",
			"integrity": "sha512-Bu2XgOvzirnLcojZYs4KQ8hOLf2ETpa0NL6btQt5NgsAwctI6yVkzgYP+EcG7Mm579RBP+V0LM5rXyMlTVx23A==",
			"dev": true,
			"requires": {
				"@peculiar/asn1-schema": "^2.0.3",
				"@peculiar/json-schema": "^1.1.10",
				"pvtsutils": "^1.0.10",
				"tslib": "^1.11.2",
				"webcrypto-core": "^1.1.0"
			}
		},
		"@types/asn1js": {
			"version": "0.0.1",
			"resolved": "https://registry.npmjs.org/@types/asn1js/-/asn1js-0.0.1.tgz",
			"integrity": "sha1-74uflwjLFjKhw6nNJ3F8qr55O8I=",
			"dev": true,
			"requires": {
				"@types/pvutils": "*"
			}
		},
		"@types/jasmine": {
			"version": "3.5.10",
			"resolved": "https://registry.npmjs.org/@types/jasmine/-/jasmine-3.5.10.tgz",
			"integrity": "sha512-3F8qpwBAiVc5+HPJeXJpbrl+XjawGmciN5LgiO7Gv1pl1RHtjoMNqZpqEksaPJW05ViKe8snYInRs6xB25Xdew==",
			"dev": true
		},
		"@types/node": {
			"version": "14.0.5",
			"resolved": "https://registry.npmjs.org/@types/node/-/node-14.0.5.tgz",
			"integrity": "sha512-90hiq6/VqtQgX8Sp0EzeIsv3r+ellbGj4URKj5j30tLlZvRUpnAe9YbYnjl3pJM93GyXU0tghHhvXHq+5rnCKA==",
			"dev": true
		},
		"@types/node-fetch": {
			"version": "2.5.7",
			"resolved": "https://registry.npmjs.org/@types/node-fetch/-/node-fetch-2.5.7.tgz",
			"integrity": "sha512-o2WVNf5UhWRkxlf6eq+jMZDu7kjgpgJfl4xVNlvryc95O/6F2ld8ztKX+qu+Rjyet93WAWm5LjeX9H5FGkODvw==",
			"dev": true,
			"requires": {
				"@types/node": "*",
				"form-data": "^3.0.0"
			}
		},
		"@types/pvutils": {
			"version": "0.0.2",
			"resolved": "https://registry.npmjs.org/@types/pvutils/-/pvutils-0.0.2.tgz",
			"integrity": "sha512-CgQAm7pjyeF3Gnv78ty4RBVIfluB+Td+2DR8iPaU0prF18pkzptHHP+DoKPfpsJYknKsVZyVsJEu5AuGgAqQ5w==",
			"dev": true
		},
		"@zoltu/ethereum-abi-encoder": {
			"version": "5.0.1",
			"resolved": "https://registry.npmjs.org/@zoltu/ethereum-abi-encoder/-/ethereum-abi-encoder-5.0.1.tgz",
			"integrity": "sha512-vrlai0bww2GvlLXe2yL6uN9LjoYmUDFjhyjuNRLA/XxbBW+dHky3FXZ5kHD8FU7IMY6utIT4QwswiL1Mgieldg=="
		},
		"@zoltu/ethereum-crypto": {
			"version": "2.1.1",
			"resolved": "https://registry.npmjs.org/@zoltu/ethereum-crypto/-/ethereum-crypto-2.1.1.tgz",
			"integrity": "sha512-+Nt58vcVtp93UO3ZWt9PvUGMVKbJ4qRwWcFOmu+LkwvjSpBy6X51+sMiNkzgIaYGo/YpWWZ4hZCvluDSngOxHw=="
		},
		"@zoltu/ethereum-fetch-json-rpc": {
			"version": "13.0.0",
			"resolved": "https://registry.npmjs.org/@zoltu/ethereum-fetch-json-rpc/-/ethereum-fetch-json-rpc-13.0.0.tgz",
			"integrity": "sha512-u5HFL4Iljw42rzOibc485QskVhNXD4LRb6Lr0xUnerpPOc9s2hQcHXAwPMfRralVXyrMlgVOLjOuUoZE6EZztA==",
			"requires": {
				"@zoltu/ethereum-types": "9.0.0"
			}
		},
		"@zoltu/ethereum-types": {
			"version": "9.0.0",
			"resolved": "https://registry.npmjs.org/@zoltu/ethereum-types/-/ethereum-types-9.0.0.tgz",
			"integrity": "sha512-6dVFV5KfecaEoHNQzetBtYVFUQwdo7Am2k+3HTcTMwY0m5zcUxJSfZzjWdsEsy9xRII8uGg6JLq1KZYQ4mxnEg=="
		},
		"@zoltu/rlp-encoder": {
			"version": "2.0.0",
			"resolved": "https://registry.npmjs.org/@zoltu/rlp-encoder/-/rlp-encoder-2.0.0.tgz",
			"integrity": "sha512-JybDoEKQvfmtqRARS/4KSZTOTTkNScjm4sjsNXiXx0LBZLONPj8JMRtteR/A9n7+CgDNN6ZA0qnFFm/pXCQXnw==",
			"dev": true
		},
		"@zoltu/solidity-typescript-generator": {
			"version": "4.0.3",
			"resolved": "https://registry.npmjs.org/@zoltu/solidity-typescript-generator/-/solidity-typescript-generator-4.0.3.tgz",
			"integrity": "sha512-gKTRhJBr5Xc/G8ECNcu2Bo2JmXjg0Q3Oteqsv68UCvMcy6dTzLXkB0lqnlyL8xahIpqc1a8HMBx31WP12xBuYw==",
			"dev": true,
			"requires": {
				"@zoltu/ethereum-abi-encoder": "5.0.1",
				"@zoltu/ethereum-crypto": "2.1.1"
			}
		},
		"@zoltu/solidity-typescript-generator-fetch-dependencies": {
			"version": "5.0.2",
			"resolved": "https://registry.npmjs.org/@zoltu/solidity-typescript-generator-fetch-dependencies/-/solidity-typescript-generator-fetch-dependencies-5.0.2.tgz",
			"integrity": "sha512-9vRtaQtbLDK8GvhiqAbx7goXDPZIg3nlxHcgTpDBCZZ1MdL3GSsaccjLutyg/68hgtUd7uNxcY+Y3gavLebS0A==",
			"requires": {
				"@zoltu/ethereum-abi-encoder": "5.0.1",
				"@zoltu/ethereum-crypto": "2.1.1",
				"@zoltu/ethereum-fetch-json-rpc": "13.0.0"
			}
		},
		"arg": {
			"version": "4.1.3",
			"resolved": "https://registry.npmjs.org/arg/-/arg-4.1.3.tgz",
			"integrity": "sha512-58S9QDqG0Xx27YwPSt9fJxivjYl432YCwfDMfZ+71RAqUrZef7LrKQZ3LHLOwCS4FLNBplP533Zx895SeOCHvA==",
			"dev": true
		},
		"asn1js": {
			"version": "2.0.26",
			"resolved": "https://registry.npmjs.org/asn1js/-/asn1js-2.0.26.tgz",
			"integrity": "sha512-yG89F0j9B4B0MKIcFyWWxnpZPLaNTjCj4tkE3fjbAoo0qmpGw0PYYqSbX/4ebnd9Icn8ZgK4K1fvDyEtW1JYtQ==",
			"dev": true,
			"requires": {
				"pvutils": "^1.0.17"
			}
		},
		"asynckit": {
			"version": "0.4.0",
			"resolved": "https://registry.npmjs.org/asynckit/-/asynckit-0.4.0.tgz",
			"integrity": "sha1-x57Zf380y48robyXkLzDZkdLS3k=",
			"dev": true
		},
		"balanced-match": {
			"version": "1.0.0",
			"resolved": "https://registry.npmjs.org/balanced-match/-/balanced-match-1.0.0.tgz",
			"integrity": "sha1-ibTRmasr7kneFk6gK4nORi1xt2c=",
			"dev": true
		},
		"brace-expansion": {
			"version": "1.1.11",
			"resolved": "https://registry.npmjs.org/brace-expansion/-/brace-expansion-1.1.11.tgz",
			"integrity": "sha512-iCuPHDFgrHX7H2vEI/5xpz07zSHB00TpugqhmYtVmMO6518mCuRMoOYFldEBl0g187ufozdaHgWKcYFb61qGiA==",
			"dev": true,
			"requires": {
				"balanced-match": "^1.0.0",
				"concat-map": "0.0.1"
			}
		},
		"buffer-from": {
			"version": "1.1.1",
			"resolved": "https://registry.npmjs.org/buffer-from/-/buffer-from-1.1.1.tgz",
			"integrity": "sha512-MQcXEUbCKtEo7bhqEs6560Hyd4XaovZlO/k9V3hjVUF/zwW7KBVdSK4gIt/bzwS9MbR5qob+F5jusZsb0YQK2A==",
			"dev": true
		},
		"combined-stream": {
			"version": "1.0.8",
			"resolved": "https://registry.npmjs.org/combined-stream/-/combined-stream-1.0.8.tgz",
			"integrity": "sha512-FQN4MRfuJeHf7cBbBMJFXhKSDq+2kAArBlmRBvcvFE5BB1HZKXtSFASDhdlz9zOYwxh8lDdnvmMOe/+5cdoEdg==",
			"dev": true,
			"requires": {
				"delayed-stream": "~1.0.0"
			}
		},
		"command-exists": {
			"version": "1.2.9",
			"resolved": "https://registry.npmjs.org/command-exists/-/command-exists-1.2.9.tgz",
			"integrity": "sha512-LTQ/SGc+s0Xc0Fu5WaKnR0YiygZkm9eKFvyS+fRsU7/ZWFF8ykFM6Pc9aCVf1+xasOOZpO3BAVgVrKvsqKHV7w==",
			"dev": true
		},
		"commander": {
			"version": "3.0.2",
			"resolved": "https://registry.npmjs.org/commander/-/commander-3.0.2.tgz",
			"integrity": "sha512-Gar0ASD4BDyKC4hl4DwHqDrmvjoxWKZigVnAbn5H1owvm4CxCPdb0HQDehwNYMJpla5+M2tPmPARzhtYuwpHow==",
			"dev": true
		},
		"concat-map": {
			"version": "0.0.1",
			"resolved": "https://registry.npmjs.org/concat-map/-/concat-map-0.0.1.tgz",
			"integrity": "sha1-2Klr13/Wjfd5OnMDajug1UBdR3s=",
			"dev": true
		},
		"delayed-stream": {
			"version": "1.0.0",
			"resolved": "https://registry.npmjs.org/delayed-stream/-/delayed-stream-1.0.0.tgz",
			"integrity": "sha1-3zrhmayt+31ECqrgsp4icrJOxhk=",
			"dev": true
		},
		"diff": {
			"version": "4.0.2",
			"resolved": "https://registry.npmjs.org/diff/-/diff-4.0.2.tgz",
			"integrity": "sha512-58lmxKSA4BNyLz+HHMUzlOEpg09FV+ev6ZMe3vJihgdxzgcwZ8VoEEPmALCZG9LmqfVoNMMKpttIYTVG6uDY7A==",
			"dev": true
		},
		"form-data": {
			"version": "3.0.0",
			"resolved": "https://registry.npmjs.org/form-data/-/form-data-3.0.0.tgz",
			"integrity": "sha512-CKMFDglpbMi6PyN+brwB9Q/GOw0eAnsrEZDgcsH5Krhz5Od/haKHAX0NmQfha2zPPz0JpWzA7GJHGSnvCRLWsg==",
			"dev": true,
			"requires": {
				"asynckit": "^0.4.0",
				"combined-stream": "^1.0.8",
				"mime-types": "^2.1.12"
			}
		},
		"fs-extra": {
			"version": "0.30.0",
			"resolved": "https://registry.npmjs.org/fs-extra/-/fs-extra-0.30.0.tgz",
			"integrity": "sha1-8jP/zAjU2n1DLapEl3aYnbHfk/A=",
			"dev": true,
			"requires": {
				"graceful-fs": "^4.1.2",
				"jsonfile": "^2.1.0",
				"klaw": "^1.0.0",
				"path-is-absolute": "^1.0.0",
				"rimraf": "^2.2.8"
			}
		},
		"fs.realpath": {
			"version": "1.0.0",
			"resolved": "https://registry.npmjs.org/fs.realpath/-/fs.realpath-1.0.0.tgz",
			"integrity": "sha1-FQStJSMVjKpA20onh8sBQRmU6k8=",
			"dev": true
		},
		"glob": {
			"version": "7.1.6",
			"resolved": "https://registry.npmjs.org/glob/-/glob-7.1.6.tgz",
			"integrity": "sha512-LwaxwyZ72Lk7vZINtNNrywX0ZuLyStrdDtabefZKAY5ZGJhVtgdznluResxNmPitE0SAO+O26sWTHeKSI2wMBA==",
			"dev": true,
			"requires": {
				"fs.realpath": "^1.0.0",
				"inflight": "^1.0.4",
				"inherits": "2",
				"minimatch": "^3.0.4",
				"once": "^1.3.0",
				"path-is-absolute": "^1.0.0"
			}
		},
		"graceful-fs": {
			"version": "4.2.4",
			"resolved": "https://registry.npmjs.org/graceful-fs/-/graceful-fs-4.2.4.tgz",
			"integrity": "sha512-WjKPNJF79dtJAVniUlGGWHYGz2jWxT6VhN/4m1NdkbZ2nOsEF+cI1Edgql5zCRhs/VsQYRvrXctxktVXZUkixw==",
			"dev": true
		},
		"inflight": {
			"version": "1.0.6",
			"resolved": "https://registry.npmjs.org/inflight/-/inflight-1.0.6.tgz",
			"integrity": "sha1-Sb1jMdfQLQwJvJEKEHW6gWW1bfk=",
			"dev": true,
			"requires": {
				"once": "^1.3.0",
				"wrappy": "1"
			}
		},
		"inherits": {
			"version": "2.0.4",
			"resolved": "https://registry.npmjs.org/inherits/-/inherits-2.0.4.tgz",
			"integrity": "sha512-k/vGaX4/Yla3WzyMCvTQOXYeIHvqOKtnqBduzTHpzpQZzAskKMhZ2K+EnBiSM9zGSoIFeMpXKxa4dYeZIQqewQ==",
			"dev": true
		},
		"jasmine": {
			"version": "3.5.0",
			"resolved": "https://registry.npmjs.org/jasmine/-/jasmine-3.5.0.tgz",
			"integrity": "sha512-DYypSryORqzsGoMazemIHUfMkXM7I7easFaxAvNM3Mr6Xz3Fy36TupTrAOxZWN8MVKEU5xECv22J4tUQf3uBzQ==",
			"dev": true,
			"requires": {
				"glob": "^7.1.4",
				"jasmine-core": "~3.5.0"
			}
		},
		"jasmine-core": {
			"version": "3.5.0",
			"resolved": "https://registry.npmjs.org/jasmine-core/-/jasmine-core-3.5.0.tgz",
			"integrity": "sha512-nCeAiw37MIMA9w9IXso7bRaLl+c/ef3wnxsoSAlYrzS+Ot0zTG6nU8G/cIfGkqpkjX2wNaIW9RFG0TwIFnG6bA==",
			"dev": true
		},
		"js-sha3": {
			"version": "0.8.0",
			"resolved": "https://registry.npmjs.org/js-sha3/-/js-sha3-0.8.0.tgz",
			"integrity": "sha512-gF1cRrHhIzNfToc802P800N8PpXS+evLLXfsVpowqmAFR9uwbi89WvXg2QspOmXL8QL86J4T1EpFu+yUkwJY3Q==",
			"dev": true
		},
		"jsonfile": {
			"version": "2.4.0",
			"resolved": "https://registry.npmjs.org/jsonfile/-/jsonfile-2.4.0.tgz",
			"integrity": "sha1-NzaitCi4e72gzIO1P6PWM6NcKug=",
			"dev": true,
			"requires": {
				"graceful-fs": "^4.1.6"
			}
		},
		"klaw": {
			"version": "1.3.1",
			"resolved": "https://registry.npmjs.org/klaw/-/klaw-1.3.1.tgz",
			"integrity": "sha1-QIhDO0azsbolnXh4XY6W9zugJDk=",
			"dev": true,
			"requires": {
				"graceful-fs": "^4.1.9"
			}
		},
		"make-error": {
			"version": "1.3.6",
			"resolved": "https://registry.npmjs.org/make-error/-/make-error-1.3.6.tgz",
			"integrity": "sha512-s8UhlNe7vPKomQhC1qFelMokr/Sc3AgNbso3n74mVPA5LTZwkB9NlXf4XPamLxJE8h0gh73rM94xvwRT2CVInw==",
			"dev": true
		},
		"memorystream": {
			"version": "0.3.1",
			"resolved": "https://registry.npmjs.org/memorystream/-/memorystream-0.3.1.tgz",
			"integrity": "sha1-htcJCzDORV1j+64S3aUaR93K+bI=",
			"dev": true
		},
		"mime-db": {
			"version": "1.44.0",
			"resolved": "https://registry.npmjs.org/mime-db/-/mime-db-1.44.0.tgz",
			"integrity": "sha512-/NOTfLrsPBVeH7YtFPgsVWveuL+4SjjYxaQ1xtM1KMFj7HdxlBlxeyNLzhyJVx7r4rZGJAZ/6lkKCitSc/Nmpg==",
			"dev": true
		},
		"mime-types": {
			"version": "2.1.27",
			"resolved": "https://registry.npmjs.org/mime-types/-/mime-types-2.1.27.tgz",
			"integrity": "sha512-JIhqnCasI9yD+SsmkquHBxTSEuZdQX5BuQnS2Vc7puQQQ+8yiP5AY5uWhpdv4YL4VM5c6iliiYWPgJ/nJQLp7w==",
			"dev": true,
			"requires": {
				"mime-db": "1.44.0"
			}
		},
		"minimatch": {
			"version": "3.0.4",
			"resolved": "https://registry.npmjs.org/minimatch/-/minimatch-3.0.4.tgz",
			"integrity": "sha512-yJHVQEhyqPLUTgt9B83PXu6W3rx4MvvHvSUvToogpwoGDOUQ+yDrR0HRot+yOCdCO7u4hX3pWft6kWBBcqh0UA==",
			"dev": true,
			"requires": {
				"brace-expansion": "^1.1.7"
			}
		},
		"node-fetch": {
			"version": "2.6.0",
			"resolved": "https://registry.npmjs.org/node-fetch/-/node-fetch-2.6.0.tgz",
			"integrity": "sha512-8dG4H5ujfvFiqDmVu9fQ5bOHUC15JMjMY/Zumv26oOvvVJjM67KF8koCWIabKQ1GJIa9r2mMZscBq/TbdOcmNA==",
			"dev": true
		},
		"once": {
			"version": "1.4.0",
			"resolved": "https://registry.npmjs.org/once/-/once-1.4.0.tgz",
			"integrity": "sha1-WDsap3WWHUsROsF9nFC6753Xa9E=",
			"dev": true,
			"requires": {
				"wrappy": "1"
			}
		},
		"os-tmpdir": {
			"version": "1.0.2",
			"resolved": "https://registry.npmjs.org/os-tmpdir/-/os-tmpdir-1.0.2.tgz",
			"integrity": "sha1-u+Z0BseaqFxc/sdm/lc0VV36EnQ=",
			"dev": true
		},
		"path-is-absolute": {
			"version": "1.0.1",
			"resolved": "https://registry.npmjs.org/path-is-absolute/-/path-is-absolute-1.0.1.tgz",
			"integrity": "sha1-F0uSaHNVNP+8es5r9TpanhtcX18=",
			"dev": true
		},
		"pvtsutils": {
			"version": "1.0.10",
			"resolved": "https://registry.npmjs.org/pvtsutils/-/pvtsutils-1.0.10.tgz",
			"integrity": "sha512-8ZKQcxnZKTn+fpDh7wL4yKax5fdl3UJzT8Jv49djZpB/dzPxacyN1Sez90b6YLdOmvIr9vaySJ5gw4aUA1EdSw==",
			"dev": true,
			"requires": {
				"tslib": "^1.10.0"
			}
		},
		"pvutils": {
			"version": "1.0.17",
			"resolved": "https://registry.npmjs.org/pvutils/-/pvutils-1.0.17.tgz",
			"integrity": "sha512-wLHYUQxWaXVQvKnwIDWFVKDJku9XDCvyhhxoq8dc5MFdIlRenyPI9eSfEtcvgHgD7FlvCyGAlWgOzRnZD99GZQ==",
			"dev": true
		},
		"require-from-string": {
			"version": "2.0.2",
			"resolved": "https://registry.npmjs.org/require-from-string/-/require-from-string-2.0.2.tgz",
			"integrity": "sha512-Xf0nWe6RseziFMu+Ap9biiUbmplq6S9/p+7w7YXP/JBHhrUDDUhwa+vANyubuqfZWTveU//DYVGsDG7RKL/vEw==",
			"dev": true
		},
		"rimraf": {
			"version": "2.7.1",
			"resolved": "https://registry.npmjs.org/rimraf/-/rimraf-2.7.1.tgz",
			"integrity": "sha512-uWjbaKIK3T1OSVptzX7Nl6PvQ3qAGtKEtVRjRuazjfL3Bx5eI409VZSqgND+4UNnmzLVdPj9FqFJNPqBZFve4w==",
			"dev": true,
			"requires": {
				"glob": "^7.1.3"
			}
		},
		"semver": {
			"version": "5.7.1",
			"resolved": "https://registry.npmjs.org/semver/-/semver-5.7.1.tgz",
			"integrity": "sha512-sauaDf/PZdVgrLTNYHRtpXa1iRiKcaebiKQ1BJdpQlWH2lCvexQdX55snPFyK7QzpudqbCI0qXFfOasHdyNDGQ==",
			"dev": true
		},
		"solc": {
			"version": "0.6.8",
			"resolved": "https://registry.npmjs.org/solc/-/solc-0.6.8.tgz",
			"integrity": "sha512-7URBAisWVjO7dwWNpEkQ5dpRSpSF4Wm0aD5EB82D5BQKh+q7jhOxhgkG4K5gax/geM0kPZUAxnaLcgl2ZXBgMQ==",
			"dev": true,
			"requires": {
				"command-exists": "^1.2.8",
				"commander": "3.0.2",
				"fs-extra": "^0.30.0",
				"js-sha3": "0.8.0",
				"memorystream": "^0.3.1",
				"require-from-string": "^2.0.0",
				"semver": "^5.5.0",
				"tmp": "0.0.33"
			}
		},
		"source-map": {
			"version": "0.6.1",
			"resolved": "https://registry.npmjs.org/source-map/-/source-map-0.6.1.tgz",
			"integrity": "sha512-UjgapumWlbMhkBgzT7Ykc5YXUT46F0iKu8SGXq0bcwP5dz/h0Plj6enJqjz1Zbq2l5WaqYnrVbwWOWMyF3F47g==",
			"dev": true
		},
		"source-map-support": {
			"version": "0.5.19",
			"resolved": "https://registry.npmjs.org/source-map-support/-/source-map-support-0.5.19.tgz",
			"integrity": "sha512-Wonm7zOCIJzBGQdB+thsPar0kYuCIzYvxZwlBa87yi/Mdjv7Tip2cyVbLj5o0cFPN4EVkuTwb3GDDyUx2DGnGw==",
			"dev": true,
			"requires": {
				"buffer-from": "^1.0.0",
				"source-map": "^0.6.0"
			}
		},
		"tmp": {
			"version": "0.0.33",
			"resolved": "https://registry.npmjs.org/tmp/-/tmp-0.0.33.tgz",
			"integrity": "sha512-jRCJlojKnZ3addtTOjdIqoRuPEKBvNXcGYqzO6zWZX8KfKEpnGY5jfggJQ3EjKuu8D4bJRr0y+cYJFmYbImXGw==",
			"dev": true,
			"requires": {
				"os-tmpdir": "~1.0.2"
			}
		},
		"ts-node": {
			"version": "8.10.1",
			"resolved": "https://registry.npmjs.org/ts-node/-/ts-node-8.10.1.tgz",
			"integrity": "sha512-bdNz1L4ekHiJul6SHtZWs1ujEKERJnHs4HxN7rjTyyVOFf3HaJ6sLqe6aPG62XTzAB/63pKRh5jTSWL0D7bsvw==",
			"dev": true,
			"requires": {
				"arg": "^4.1.0",
				"diff": "^4.0.1",
				"make-error": "^1.1.1",
				"source-map-support": "^0.5.17",
				"yn": "3.1.1"
			}
		},
		"tslib": {
			"version": "1.13.0",
			"resolved": "https://registry.npmjs.org/tslib/-/tslib-1.13.0.tgz",
			"integrity": "sha512-i/6DQjL8Xf3be4K/E6Wgpekn5Qasl1usyw++dAA35Ue5orEn65VIxOA+YvNNl9HV3qv70T7CNwjODHZrLwvd1Q==",
			"dev": true
		},
		"typescript": {
			"version": "3.9.3",
			"resolved": "https://registry.npmjs.org/typescript/-/typescript-3.9.3.tgz",
			"integrity": "sha512-D/wqnB2xzNFIcoBG9FG8cXRDjiqSTbG2wd8DMZeQyJlP1vfTkIxH4GKveWaEBYySKIg+USu+E+EDIR47SqnaMQ==",
			"dev": true
		},
		"webcrypto-core": {
			"version": "1.1.1",
			"resolved": "https://registry.npmjs.org/webcrypto-core/-/webcrypto-core-1.1.1.tgz",
			"integrity": "sha512-xK61sFRUyZdSAJG7+bJox36+Tnhxw1PaMbmrLLp30HNTJ4mffqsY2jUMlmGq6OOoej3WO/SsH5serzlzBMZ+jg==",
			"dev": true,
			"requires": {
				"@peculiar/asn1-schema": "^2.0.1",
				"@peculiar/json-schema": "^1.1.10",
				"asn1js": "^2.0.26",
				"pvtsutils": "^1.0.10",
				"tslib": "^1.11.2"
			}
		},
		"wrappy": {
			"version": "1.0.2",
			"resolved": "https://registry.npmjs.org/wrappy/-/wrappy-1.0.2.tgz",
			"integrity": "sha1-tSQ9jz7BqjXxNkYFvA0QNuMKtp8=",
			"dev": true
		},
		"yn": {
			"version": "3.1.1",
			"resolved": "https://registry.npmjs.org/yn/-/yn-3.1.1.tgz",
			"integrity": "sha512-Ux4ygGWsu2c7isFWe8Yu1YluJmqVhxqK2cLXNQA5AcC3QfbGNpM7fu0Y8b/z16pXLnFxZYvWhd3fhBY9DLmC6Q==",
			"dev": true
		}
	}
}
