{
	"name": "demo",
	"lockfileVersion": 2,
	"requires": true,
	"packages": {
		"": {
			"dependencies": {
				"@keydonix/uniswap-oracle-sdk": "file:../sdk",
				"@zoltu/solidity-typescript-generator-fetch-dependencies": "6.1.3"
			},
			"devDependencies": {
				"@keydonix/uniswap-oracle-contracts": "file:../contracts",
				"@peculiar/webcrypto": "1.1.1",
				"@types/jasmine": "3.5.10",
				"@types/node": "14.0.5",
				"@types/node-fetch": "2.5.7",
				"@zoltu/rlp-encoder": "2.0.0",
				"@zoltu/solidity-typescript-generator": "6.1.3",
				"jasmine": "3.5.0",
				"node-fetch": "2.6.1",
				"solc": "0.6.8",
				"ts-node": "8.10.1",
				"typescript": "3.9.3"
			}
		},
		"../contracts": {
			"name": "@keydonix/uniswap-oracle-contracts",
			"version": "1.0.7",
			"dev": true,
			"license": "Unlicense"
		},
		"../sdk": {
			"name": "@keydonix/uniswap-oracle-sdk",
			"version": "1.0.7",
			"license": "Unlicense",
			"devDependencies": {
				"@zoltu/typescript-transformer-append-js-extension": "1.0.1",
				"ts-node": "8.10.1",
				"ttypescript": "1.5.10",
				"typescript": "3.9.3"
			}
		},
		"node_modules/@keydonix/uniswap-oracle-contracts": {
			"resolved": "../contracts",
			"link": true
		},
		"node_modules/@keydonix/uniswap-oracle-sdk": {
			"resolved": "../sdk",
			"link": true
		},
		"node_modules/@peculiar/asn1-schema": {
			"version": "2.0.44",
			"resolved": "https://registry.npmjs.org/@peculiar/asn1-schema/-/asn1-schema-2.0.44.tgz",
			"integrity": "sha512-uaCnjQ9A9WwQSMuDJcNOCYEPXTahgKbFMvI7eMOMd8lXgx0J1eU7F3BoMsK5PFxa3dVUxjSQbaOjfgGoeHGgoQ==",
			"dev": true,
			"dependencies": {
				"@types/asn1js": "^2.0.2",
				"asn1js": "^2.1.1",
				"pvtsutils": "^1.2.1",
				"tslib": "^2.3.0"
			}
		},
		"node_modules/@peculiar/asn1-schema/node_modules/tslib": {
			"version": "2.3.1",
			"resolved": "https://registry.npmjs.org/tslib/-/tslib-2.3.1.tgz",
			"integrity": "sha512-77EbyPPpMz+FRFRuAFlWMtmgUWGe9UOG2Z25NqCwiIjRhOf5iKGuzSe5P2w1laq+FkRy4p+PCuVkJSGkzTEKVw==",
			"dev": true
		},
		"node_modules/@peculiar/json-schema": {
			"version": "1.1.12",
			"resolved": "https://registry.npmjs.org/@peculiar/json-schema/-/json-schema-1.1.12.tgz",
			"integrity": "sha512-coUfuoMeIB7B8/NMekxaDzLhaYmp0HZNPEjYRm9goRou8UZIC3z21s0sL9AWoCw4EG876QyO3kYrc61WNF9B/w==",
			"dev": true,
			"dependencies": {
				"tslib": "^2.0.0"
			},
			"engines": {
				"node": ">=8.0.0"
			}
		},
		"node_modules/@peculiar/json-schema/node_modules/tslib": {
			"version": "2.3.1",
			"resolved": "https://registry.npmjs.org/tslib/-/tslib-2.3.1.tgz",
			"integrity": "sha512-77EbyPPpMz+FRFRuAFlWMtmgUWGe9UOG2Z25NqCwiIjRhOf5iKGuzSe5P2w1laq+FkRy4p+PCuVkJSGkzTEKVw==",
			"dev": true
		},
		"node_modules/@peculiar/webcrypto": {
			"version": "1.1.1",
			"resolved": "https://registry.npmjs.org/@peculiar/webcrypto/-/webcrypto-1.1.1.tgz",
			"integrity": "sha512-Bu2XgOvzirnLcojZYs4KQ8hOLf2ETpa0NL6btQt5NgsAwctI6yVkzgYP+EcG7Mm579RBP+V0LM5rXyMlTVx23A==",
			"dev": true,
			"dependencies": {
				"@peculiar/asn1-schema": "^2.0.3",
				"@peculiar/json-schema": "^1.1.10",
				"pvtsutils": "^1.0.10",
				"tslib": "^1.11.2",
				"webcrypto-core": "^1.1.0"
			},
			"engines": {
				"node": ">=10.12.0"
			}
		},
		"node_modules/@types/asn1js": {
			"version": "2.0.2",
			"resolved": "https://registry.npmjs.org/@types/asn1js/-/asn1js-2.0.2.tgz",
			"integrity": "sha512-t4YHCgtD+ERvH0FyxvNlYwJ2ezhqw7t+Ygh4urQ7dJER8i185JPv6oIM3ey5YQmGN6Zp9EMbpohkjZi9t3UxwA==",
			"dev": true
		},
		"node_modules/@types/jasmine": {
			"version": "3.5.10",
			"resolved": "https://registry.npmjs.org/@types/jasmine/-/jasmine-3.5.10.tgz",
			"integrity": "sha512-3F8qpwBAiVc5+HPJeXJpbrl+XjawGmciN5LgiO7Gv1pl1RHtjoMNqZpqEksaPJW05ViKe8snYInRs6xB25Xdew==",
			"dev": true
		},
		"node_modules/@types/node": {
			"version": "14.0.5",
			"resolved": "https://registry.npmjs.org/@types/node/-/node-14.0.5.tgz",
			"integrity": "sha512-90hiq6/VqtQgX8Sp0EzeIsv3r+ellbGj4URKj5j30tLlZvRUpnAe9YbYnjl3pJM93GyXU0tghHhvXHq+5rnCKA==",
			"dev": true
		},
		"node_modules/@types/node-fetch": {
			"version": "2.5.7",
			"resolved": "https://registry.npmjs.org/@types/node-fetch/-/node-fetch-2.5.7.tgz",
			"integrity": "sha512-o2WVNf5UhWRkxlf6eq+jMZDu7kjgpgJfl4xVNlvryc95O/6F2ld8ztKX+qu+Rjyet93WAWm5LjeX9H5FGkODvw==",
			"dev": true,
			"dependencies": {
				"@types/node": "*",
				"form-data": "^3.0.0"
			}
		},
		"node_modules/@zoltu/ethereum-abi-encoder": {
			"version": "5.0.4",
			"resolved": "https://registry.npmjs.org/@zoltu/ethereum-abi-encoder/-/ethereum-abi-encoder-5.0.4.tgz",
			"integrity": "sha512-HS9QiyqPinn17YyzHK+HbobCcfEyL5uQ3u4E2V0t5GgkMorJKTDhmoFD8r/Ir2KFZMimgT5SRNEuhLZnDhM3MA=="
		},
		"node_modules/@zoltu/ethereum-crypto": {
			"version": "2.1.5",
			"resolved": "https://registry.npmjs.org/@zoltu/ethereum-crypto/-/ethereum-crypto-2.1.5.tgz",
			"integrity": "sha512-UIpMOt4cNGRNBA1+6w+Vcbk2CBI5T//EGH2TDoAP3pX4NOpWSXeuoffnFUSjr4yWZTWgBmMcqpkKZMVeBJ0QxA=="
		},
		"node_modules/@zoltu/ethereum-fetch-json-rpc": {
			"version": "13.1.4",
			"resolved": "https://registry.npmjs.org/@zoltu/ethereum-fetch-json-rpc/-/ethereum-fetch-json-rpc-13.1.4.tgz",
			"integrity": "sha512-Ro4+H54yvRNGjVFs0MYk58DPeh4UndJU9wlaWisd9J7TdiLpOWcAAgqN6hl+E6m2Gy7RsAoFgqjUaqiyp5ebNw==",
			"dependencies": {
				"@zoltu/ethereum-types": "9.0.4"
			}
		},
		"node_modules/@zoltu/ethereum-types": {
			"version": "9.0.4",
			"resolved": "https://registry.npmjs.org/@zoltu/ethereum-types/-/ethereum-types-9.0.4.tgz",
			"integrity": "sha512-XwSH21J8NTPlh61y6adBUzxIwJm3hyDkJ8GGz8Wkb5f3U9xozIwdtKhWjtUG3BCuHsmi3kWg3J4lomJpMojsBg=="
		},
		"node_modules/@zoltu/rlp-encoder": {
			"version": "2.0.0",
			"resolved": "https://registry.npmjs.org/@zoltu/rlp-encoder/-/rlp-encoder-2.0.0.tgz",
			"integrity": "sha512-JybDoEKQvfmtqRARS/4KSZTOTTkNScjm4sjsNXiXx0LBZLONPj8JMRtteR/A9n7+CgDNN6ZA0qnFFm/pXCQXnw==",
			"dev": true
		},
		"node_modules/@zoltu/solidity-typescript-generator": {
			"version": "6.1.3",
			"resolved": "https://registry.npmjs.org/@zoltu/solidity-typescript-generator/-/solidity-typescript-generator-6.1.3.tgz",
			"integrity": "sha512-QRS9dbCNaGhyztDXtYoYYCJyblB5lGWlZysbcLBobOrM/iajMluxinRfIotyllPpI8IN3DkDL0AK3M3Ysv312g==",
			"dev": true,
			"dependencies": {
				"@zoltu/ethereum-abi-encoder": "5.0.4",
				"@zoltu/ethereum-crypto": "2.1.5"
			}
		},
		"node_modules/@zoltu/solidity-typescript-generator-fetch-dependencies": {
			"version": "6.1.3",
			"resolved": "https://registry.npmjs.org/@zoltu/solidity-typescript-generator-fetch-dependencies/-/solidity-typescript-generator-fetch-dependencies-6.1.3.tgz",
			"integrity": "sha512-OOyi2M7KJnGHhOcV2zA+GsAp9m1KWXL/XJDycsnXYz1uZiVMsOn9C8gPrnqxlwiAerD9KoN/5bUSYH1XnrOLCQ==",
			"dependencies": {
				"@zoltu/ethereum-abi-encoder": "5.0.4",
				"@zoltu/ethereum-crypto": "2.1.5",
				"@zoltu/ethereum-fetch-json-rpc": "13.1.4"
			}
		},
		"node_modules/arg": {
			"version": "4.1.3",
			"resolved": "https://registry.npmjs.org/arg/-/arg-4.1.3.tgz",
			"integrity": "sha512-58S9QDqG0Xx27YwPSt9fJxivjYl432YCwfDMfZ+71RAqUrZef7LrKQZ3LHLOwCS4FLNBplP533Zx895SeOCHvA==",
			"dev": true
		},
		"node_modules/asn1js": {
			"version": "2.2.0",
			"resolved": "https://registry.npmjs.org/asn1js/-/asn1js-2.2.0.tgz",
			"integrity": "sha512-oagLNqpfNv7CvmyMoexMDNyVDSiq1rya0AEUgcLlNHdHgNl6U/hi8xY370n5y+ZIFEXOx0J4B1qF2NDjMRxklA==",
			"dev": true,
			"dependencies": {
				"pvutils": "latest"
			},
			"engines": {
				"node": ">=6.0.0"
			}
		},
		"node_modules/asynckit": {
			"version": "0.4.0",
			"resolved": "https://registry.npmjs.org/asynckit/-/asynckit-0.4.0.tgz",
			"integrity": "sha1-x57Zf380y48robyXkLzDZkdLS3k=",
			"dev": true
		},
		"node_modules/balanced-match": {
			"version": "1.0.2",
			"resolved": "https://registry.npmjs.org/balanced-match/-/balanced-match-1.0.2.tgz",
			"integrity": "sha512-3oSeUO0TMV67hN1AmbXsK4yaqU7tjiHlbxRDZOpH0KW9+CeX4bRAaX0Anxt0tx2MrpRpWwQaPwIlISEJhYU5Pw==",
			"dev": true
		},
		"node_modules/brace-expansion": {
			"version": "1.1.11",
			"resolved": "https://registry.npmjs.org/brace-expansion/-/brace-expansion-1.1.11.tgz",
			"integrity": "sha512-iCuPHDFgrHX7H2vEI/5xpz07zSHB00TpugqhmYtVmMO6518mCuRMoOYFldEBl0g187ufozdaHgWKcYFb61qGiA==",
			"dev": true,
			"dependencies": {
				"balanced-match": "^1.0.0",
				"concat-map": "0.0.1"
			}
		},
		"node_modules/buffer-from": {
			"version": "1.1.2",
			"resolved": "https://registry.npmjs.org/buffer-from/-/buffer-from-1.1.2.tgz",
			"integrity": "sha512-E+XQCRwSbaaiChtv6k6Dwgc+bx+Bs6vuKJHHl5kox/BaKbhiXzqQOwK4cO22yElGp2OCmjwVhT3HmxgyPGnJfQ==",
			"dev": true
		},
		"node_modules/combined-stream": {
			"version": "1.0.8",
			"resolved": "https://registry.npmjs.org/combined-stream/-/combined-stream-1.0.8.tgz",
			"integrity": "sha512-FQN4MRfuJeHf7cBbBMJFXhKSDq+2kAArBlmRBvcvFE5BB1HZKXtSFASDhdlz9zOYwxh8lDdnvmMOe/+5cdoEdg==",
			"dev": true,
			"dependencies": {
				"delayed-stream": "~1.0.0"
			},
			"engines": {
				"node": ">= 0.8"
			}
		},
		"node_modules/command-exists": {
			"version": "1.2.9",
			"resolved": "https://registry.npmjs.org/command-exists/-/command-exists-1.2.9.tgz",
			"integrity": "sha512-LTQ/SGc+s0Xc0Fu5WaKnR0YiygZkm9eKFvyS+fRsU7/ZWFF8ykFM6Pc9aCVf1+xasOOZpO3BAVgVrKvsqKHV7w==",
			"dev": true
		},
		"node_modules/commander": {
			"version": "3.0.2",
			"resolved": "https://registry.npmjs.org/commander/-/commander-3.0.2.tgz",
			"integrity": "sha512-Gar0ASD4BDyKC4hl4DwHqDrmvjoxWKZigVnAbn5H1owvm4CxCPdb0HQDehwNYMJpla5+M2tPmPARzhtYuwpHow==",
			"dev": true
		},
		"node_modules/concat-map": {
			"version": "0.0.1",
			"resolved": "https://registry.npmjs.org/concat-map/-/concat-map-0.0.1.tgz",
			"integrity": "sha1-2Klr13/Wjfd5OnMDajug1UBdR3s=",
			"dev": true
		},
		"node_modules/delayed-stream": {
			"version": "1.0.0",
			"resolved": "https://registry.npmjs.org/delayed-stream/-/delayed-stream-1.0.0.tgz",
			"integrity": "sha1-3zrhmayt+31ECqrgsp4icrJOxhk=",
			"dev": true,
			"engines": {
				"node": ">=0.4.0"
			}
		},
		"node_modules/diff": {
			"version": "4.0.2",
			"resolved": "https://registry.npmjs.org/diff/-/diff-4.0.2.tgz",
			"integrity": "sha512-58lmxKSA4BNyLz+HHMUzlOEpg09FV+ev6ZMe3vJihgdxzgcwZ8VoEEPmALCZG9LmqfVoNMMKpttIYTVG6uDY7A==",
			"dev": true,
			"engines": {
				"node": ">=0.3.1"
			}
		},
		"node_modules/form-data": {
			"version": "3.0.1",
			"resolved": "https://registry.npmjs.org/form-data/-/form-data-3.0.1.tgz",
			"integrity": "sha512-RHkBKtLWUVwd7SqRIvCZMEvAMoGUp0XU+seQiZejj0COz3RI3hWP4sCv3gZWWLjJTd7rGwcsF5eKZGii0r/hbg==",
			"dev": true,
			"dependencies": {
				"asynckit": "^0.4.0",
				"combined-stream": "^1.0.8",
				"mime-types": "^2.1.12"
			},
			"engines": {
				"node": ">= 6"
			}
		},
		"node_modules/fs-extra": {
			"version": "0.30.0",
			"resolved": "https://registry.npmjs.org/fs-extra/-/fs-extra-0.30.0.tgz",
			"integrity": "sha1-8jP/zAjU2n1DLapEl3aYnbHfk/A=",
			"dev": true,
			"dependencies": {
				"graceful-fs": "^4.1.2",
				"jsonfile": "^2.1.0",
				"klaw": "^1.0.0",
				"path-is-absolute": "^1.0.0",
				"rimraf": "^2.2.8"
			}
		},
		"node_modules/fs.realpath": {
			"version": "1.0.0",
			"resolved": "https://registry.npmjs.org/fs.realpath/-/fs.realpath-1.0.0.tgz",
			"integrity": "sha1-FQStJSMVjKpA20onh8sBQRmU6k8=",
			"dev": true
		},
		"node_modules/glob": {
			"version": "7.2.0",
			"resolved": "https://registry.npmjs.org/glob/-/glob-7.2.0.tgz",
			"integrity": "sha512-lmLf6gtyrPq8tTjSmrO94wBeQbFR3HbLHbuyD69wuyQkImp2hWqMGB47OX65FBkPffO641IP9jWa1z4ivqG26Q==",
			"dev": true,
			"dependencies": {
				"fs.realpath": "^1.0.0",
				"inflight": "^1.0.4",
				"inherits": "2",
				"minimatch": "^3.0.4",
				"once": "^1.3.0",
				"path-is-absolute": "^1.0.0"
			},
			"engines": {
				"node": "*"
			},
			"funding": {
				"url": "https://github.com/sponsors/isaacs"
			}
		},
		"node_modules/graceful-fs": {
			"version": "4.2.8",
			"resolved": "https://registry.npmjs.org/graceful-fs/-/graceful-fs-4.2.8.tgz",
			"integrity": "sha512-qkIilPUYcNhJpd33n0GBXTB1MMPp14TxEsEs0pTrsSVucApsYzW5V+Q8Qxhik6KU3evy+qkAAowTByymK0avdg==",
			"dev": true
		},
		"node_modules/inflight": {
			"version": "1.0.6",
			"resolved": "https://registry.npmjs.org/inflight/-/inflight-1.0.6.tgz",
			"integrity": "sha1-Sb1jMdfQLQwJvJEKEHW6gWW1bfk=",
			"dev": true,
			"dependencies": {
				"once": "^1.3.0",
				"wrappy": "1"
			}
		},
		"node_modules/inherits": {
			"version": "2.0.4",
			"resolved": "https://registry.npmjs.org/inherits/-/inherits-2.0.4.tgz",
			"integrity": "sha512-k/vGaX4/Yla3WzyMCvTQOXYeIHvqOKtnqBduzTHpzpQZzAskKMhZ2K+EnBiSM9zGSoIFeMpXKxa4dYeZIQqewQ==",
			"dev": true
		},
		"node_modules/jasmine": {
			"version": "3.5.0",
			"resolved": "https://registry.npmjs.org/jasmine/-/jasmine-3.5.0.tgz",
			"integrity": "sha512-DYypSryORqzsGoMazemIHUfMkXM7I7easFaxAvNM3Mr6Xz3Fy36TupTrAOxZWN8MVKEU5xECv22J4tUQf3uBzQ==",
			"dev": true,
			"dependencies": {
				"glob": "^7.1.4",
				"jasmine-core": "~3.5.0"
			},
			"bin": {
				"jasmine": "bin/jasmine.js"
			}
		},
		"node_modules/jasmine-core": {
			"version": "3.5.0",
			"resolved": "https://registry.npmjs.org/jasmine-core/-/jasmine-core-3.5.0.tgz",
			"integrity": "sha512-nCeAiw37MIMA9w9IXso7bRaLl+c/ef3wnxsoSAlYrzS+Ot0zTG6nU8G/cIfGkqpkjX2wNaIW9RFG0TwIFnG6bA==",
			"dev": true
		},
		"node_modules/js-sha3": {
			"version": "0.8.0",
			"resolved": "https://registry.npmjs.org/js-sha3/-/js-sha3-0.8.0.tgz",
			"integrity": "sha512-gF1cRrHhIzNfToc802P800N8PpXS+evLLXfsVpowqmAFR9uwbi89WvXg2QspOmXL8QL86J4T1EpFu+yUkwJY3Q==",
			"dev": true
		},
		"node_modules/jsonfile": {
			"version": "2.4.0",
			"resolved": "https://registry.npmjs.org/jsonfile/-/jsonfile-2.4.0.tgz",
			"integrity": "sha1-NzaitCi4e72gzIO1P6PWM6NcKug=",
			"dev": true,
			"optionalDependencies": {
				"graceful-fs": "^4.1.6"
			}
		},
		"node_modules/klaw": {
			"version": "1.3.1",
			"resolved": "https://registry.npmjs.org/klaw/-/klaw-1.3.1.tgz",
			"integrity": "sha1-QIhDO0azsbolnXh4XY6W9zugJDk=",
			"dev": true,
			"optionalDependencies": {
				"graceful-fs": "^4.1.9"
			}
		},
		"node_modules/make-error": {
			"version": "1.3.6",
			"resolved": "https://registry.npmjs.org/make-error/-/make-error-1.3.6.tgz",
			"integrity": "sha512-s8UhlNe7vPKomQhC1qFelMokr/Sc3AgNbso3n74mVPA5LTZwkB9NlXf4XPamLxJE8h0gh73rM94xvwRT2CVInw==",
			"dev": true
		},
		"node_modules/memorystream": {
			"version": "0.3.1",
			"resolved": "https://registry.npmjs.org/memorystream/-/memorystream-0.3.1.tgz",
			"integrity": "sha1-htcJCzDORV1j+64S3aUaR93K+bI=",
			"dev": true,
			"engines": {
				"node": ">= 0.10.0"
			}
		},
		"node_modules/mime-db": {
			"version": "1.51.0",
			"resolved": "https://registry.npmjs.org/mime-db/-/mime-db-1.51.0.tgz",
			"integrity": "sha512-5y8A56jg7XVQx2mbv1lu49NR4dokRnhZYTtL+KGfaa27uq4pSTXkwQkFJl4pkRMyNFz/EtYDSkiiEHx3F7UN6g==",
			"dev": true,
			"engines": {
				"node": ">= 0.6"
			}
		},
		"node_modules/mime-types": {
			"version": "2.1.34",
			"resolved": "https://registry.npmjs.org/mime-types/-/mime-types-2.1.34.tgz",
			"integrity": "sha512-6cP692WwGIs9XXdOO4++N+7qjqv0rqxxVvJ3VHPh/Sc9mVZcQP+ZGhkKiTvWMQRr2tbHkJP/Yn7Y0npb3ZBs4A==",
			"dev": true,
			"dependencies": {
				"mime-db": "1.51.0"
			},
			"engines": {
				"node": ">= 0.6"
			}
		},
		"node_modules/minimatch": {
			"version": "3.0.4",
			"resolved": "https://registry.npmjs.org/minimatch/-/minimatch-3.0.4.tgz",
			"integrity": "sha512-yJHVQEhyqPLUTgt9B83PXu6W3rx4MvvHvSUvToogpwoGDOUQ+yDrR0HRot+yOCdCO7u4hX3pWft6kWBBcqh0UA==",
			"dev": true,
			"dependencies": {
				"brace-expansion": "^1.1.7"
			},
			"engines": {
				"node": "*"
			}
		},
		"node_modules/node-fetch": {
			"version": "2.6.1",
			"resolved": "https://registry.npmjs.org/node-fetch/-/node-fetch-2.6.1.tgz",
			"integrity": "sha512-V4aYg89jEoVRxRb2fJdAg8FHvI7cEyYdVAh94HH0UIK8oJxUfkjlDQN9RbMx+bEjP7+ggMiFRprSti032Oipxw==",
			"dev": true,
			"engines": {
				"node": "4.x || >=6.0.0"
			}
		},
		"node_modules/once": {
			"version": "1.4.0",
			"resolved": "https://registry.npmjs.org/once/-/once-1.4.0.tgz",
			"integrity": "sha1-WDsap3WWHUsROsF9nFC6753Xa9E=",
			"dev": true,
			"dependencies": {
				"wrappy": "1"
			}
		},
		"node_modules/os-tmpdir": {
			"version": "1.0.2",
			"resolved": "https://registry.npmjs.org/os-tmpdir/-/os-tmpdir-1.0.2.tgz",
			"integrity": "sha1-u+Z0BseaqFxc/sdm/lc0VV36EnQ=",
			"dev": true,
			"engines": {
				"node": ">=0.10.0"
			}
		},
		"node_modules/path-is-absolute": {
			"version": "1.0.1",
			"resolved": "https://registry.npmjs.org/path-is-absolute/-/path-is-absolute-1.0.1.tgz",
			"integrity": "sha1-F0uSaHNVNP+8es5r9TpanhtcX18=",
			"dev": true,
			"engines": {
				"node": ">=0.10.0"
			}
		},
		"node_modules/pvtsutils": {
			"version": "1.2.1",
			"resolved": "https://registry.npmjs.org/pvtsutils/-/pvtsutils-1.2.1.tgz",
			"integrity": "sha512-Q867jEr30lBR2YSFFLZ0/XsEvpweqH6Kj096wmlRAFXrdRGPCNq2iz9B5Tk085EZ+OBZyYAVA5UhPkjSHGrUzQ==",
			"dev": true,
			"dependencies": {
				"tslib": "^2.3.1"
			}
		},
		"node_modules/pvtsutils/node_modules/tslib": {
			"version": "2.3.1",
			"resolved": "https://registry.npmjs.org/tslib/-/tslib-2.3.1.tgz",
			"integrity": "sha512-77EbyPPpMz+FRFRuAFlWMtmgUWGe9UOG2Z25NqCwiIjRhOf5iKGuzSe5P2w1laq+FkRy4p+PCuVkJSGkzTEKVw==",
			"dev": true
		},
		"node_modules/pvutils": {
			"version": "1.0.17",
			"resolved": "https://registry.npmjs.org/pvutils/-/pvutils-1.0.17.tgz",
			"integrity": "sha512-wLHYUQxWaXVQvKnwIDWFVKDJku9XDCvyhhxoq8dc5MFdIlRenyPI9eSfEtcvgHgD7FlvCyGAlWgOzRnZD99GZQ==",
			"dev": true,
			"engines": {
				"node": ">=6.0.0"
			}
		},
		"node_modules/require-from-string": {
			"version": "2.0.2",
			"resolved": "https://registry.npmjs.org/require-from-string/-/require-from-string-2.0.2.tgz",
			"integrity": "sha512-Xf0nWe6RseziFMu+Ap9biiUbmplq6S9/p+7w7YXP/JBHhrUDDUhwa+vANyubuqfZWTveU//DYVGsDG7RKL/vEw==",
			"dev": true,
			"engines": {
				"node": ">=0.10.0"
			}
		},
		"node_modules/rimraf": {
			"version": "2.7.1",
			"resolved": "https://registry.npmjs.org/rimraf/-/rimraf-2.7.1.tgz",
			"integrity": "sha512-uWjbaKIK3T1OSVptzX7Nl6PvQ3qAGtKEtVRjRuazjfL3Bx5eI409VZSqgND+4UNnmzLVdPj9FqFJNPqBZFve4w==",
			"dev": true,
			"dependencies": {
				"glob": "^7.1.3"
			},
			"bin": {
				"rimraf": "bin.js"
			}
		},
		"node_modules/semver": {
			"version": "5.7.1",
			"resolved": "https://registry.npmjs.org/semver/-/semver-5.7.1.tgz",
			"integrity": "sha512-sauaDf/PZdVgrLTNYHRtpXa1iRiKcaebiKQ1BJdpQlWH2lCvexQdX55snPFyK7QzpudqbCI0qXFfOasHdyNDGQ==",
			"dev": true,
			"bin": {
				"semver": "bin/semver"
			}
		},
		"node_modules/solc": {
			"version": "0.6.8",
			"resolved": "https://registry.npmjs.org/solc/-/solc-0.6.8.tgz",
			"integrity": "sha512-7URBAisWVjO7dwWNpEkQ5dpRSpSF4Wm0aD5EB82D5BQKh+q7jhOxhgkG4K5gax/geM0kPZUAxnaLcgl2ZXBgMQ==",
			"dev": true,
			"dependencies": {
				"command-exists": "^1.2.8",
				"commander": "3.0.2",
				"fs-extra": "^0.30.0",
				"js-sha3": "0.8.0",
				"memorystream": "^0.3.1",
				"require-from-string": "^2.0.0",
				"semver": "^5.5.0",
				"tmp": "0.0.33"
			},
			"bin": {
				"solcjs": "solcjs"
			},
			"engines": {
				"node": ">=8.0.0"
			}
		},
		"node_modules/source-map": {
			"version": "0.6.1",
			"resolved": "https://registry.npmjs.org/source-map/-/source-map-0.6.1.tgz",
			"integrity": "sha512-UjgapumWlbMhkBgzT7Ykc5YXUT46F0iKu8SGXq0bcwP5dz/h0Plj6enJqjz1Zbq2l5WaqYnrVbwWOWMyF3F47g==",
			"dev": true,
			"engines": {
				"node": ">=0.10.0"
			}
		},
		"node_modules/source-map-support": {
			"version": "0.5.21",
			"resolved": "https://registry.npmjs.org/source-map-support/-/source-map-support-0.5.21.tgz",
			"integrity": "sha512-uBHU3L3czsIyYXKX88fdrGovxdSCoTGDRZ6SYXtSRxLZUzHg5P/66Ht6uoUlHu9EZod+inXhKo3qQgwXUT/y1w==",
			"dev": true,
			"dependencies": {
				"buffer-from": "^1.0.0",
				"source-map": "^0.6.0"
			}
		},
		"node_modules/tmp": {
			"version": "0.0.33",
			"resolved": "https://registry.npmjs.org/tmp/-/tmp-0.0.33.tgz",
			"integrity": "sha512-jRCJlojKnZ3addtTOjdIqoRuPEKBvNXcGYqzO6zWZX8KfKEpnGY5jfggJQ3EjKuu8D4bJRr0y+cYJFmYbImXGw==",
			"dev": true,
			"dependencies": {
				"os-tmpdir": "~1.0.2"
			},
			"engines": {
				"node": ">=0.6.0"
			}
		},
		"node_modules/ts-node": {
			"version": "8.10.1",
			"resolved": "https://registry.npmjs.org/ts-node/-/ts-node-8.10.1.tgz",
			"integrity": "sha512-bdNz1L4ekHiJul6SHtZWs1ujEKERJnHs4HxN7rjTyyVOFf3HaJ6sLqe6aPG62XTzAB/63pKRh5jTSWL0D7bsvw==",
			"dev": true,
			"dependencies": {
				"arg": "^4.1.0",
				"diff": "^4.0.1",
				"make-error": "^1.1.1",
				"source-map-support": "^0.5.17",
				"yn": "3.1.1"
			},
			"bin": {
				"ts-node": "dist/bin.js",
				"ts-node-script": "dist/bin-script.js",
				"ts-node-transpile-only": "dist/bin-transpile.js",
				"ts-script": "dist/bin-script-deprecated.js"
			},
			"engines": {
				"node": ">=6.0.0"
			},
			"peerDependencies": {
				"typescript": ">=2.7"
			}
		},
		"node_modules/tslib": {
			"version": "1.14.1",
			"resolved": "https://registry.npmjs.org/tslib/-/tslib-1.14.1.tgz",
			"integrity": "sha512-Xni35NKzjgMrwevysHTCArtLDpPvye8zV/0E4EyYn43P7/7qvQwPh9BGkHewbMulVntbigmcT7rdX3BNo9wRJg==",
			"dev": true
		},
		"node_modules/typescript": {
			"version": "3.9.3",
			"resolved": "https://registry.npmjs.org/typescript/-/typescript-3.9.3.tgz",
			"integrity": "sha512-D/wqnB2xzNFIcoBG9FG8cXRDjiqSTbG2wd8DMZeQyJlP1vfTkIxH4GKveWaEBYySKIg+USu+E+EDIR47SqnaMQ==",
			"dev": true,
			"bin": {
				"tsc": "bin/tsc",
				"tsserver": "bin/tsserver"
			},
			"engines": {
				"node": ">=4.2.0"
			}
		},
		"node_modules/webcrypto-core": {
			"version": "1.4.0",
			"resolved": "https://registry.npmjs.org/webcrypto-core/-/webcrypto-core-1.4.0.tgz",
			"integrity": "sha512-HY3Zo0GcRIQUUDnlZ/shGjN+4f7LVMkdJZoGPog+oHhJsJdMz6iM8Za5xZ0t6qg7Fx/JXXz+oBv2J2p982hGTQ==",
			"dev": true,
			"dependencies": {
				"@peculiar/asn1-schema": "^2.0.44",
				"@peculiar/json-schema": "^1.1.12",
				"asn1js": "^2.1.1",
				"pvtsutils": "^1.2.0",
				"tslib": "^2.3.1"
			}
		},
		"node_modules/webcrypto-core/node_modules/tslib": {
			"version": "2.3.1",
			"resolved": "https://registry.npmjs.org/tslib/-/tslib-2.3.1.tgz",
			"integrity": "sha512-77EbyPPpMz+FRFRuAFlWMtmgUWGe9UOG2Z25NqCwiIjRhOf5iKGuzSe5P2w1laq+FkRy4p+PCuVkJSGkzTEKVw==",
			"dev": true
		},
		"node_modules/wrappy": {
			"version": "1.0.2",
			"resolved": "https://registry.npmjs.org/wrappy/-/wrappy-1.0.2.tgz",
			"integrity": "sha1-tSQ9jz7BqjXxNkYFvA0QNuMKtp8=",
			"dev": true
		},
		"node_modules/yn": {
			"version": "3.1.1",
			"resolved": "https://registry.npmjs.org/yn/-/yn-3.1.1.tgz",
			"integrity": "sha512-Ux4ygGWsu2c7isFWe8Yu1YluJmqVhxqK2cLXNQA5AcC3QfbGNpM7fu0Y8b/z16pXLnFxZYvWhd3fhBY9DLmC6Q==",
			"dev": true,
			"engines": {
				"node": ">=6"
			}
		}
	},
	"dependencies": {
		"@keydonix/uniswap-oracle-contracts": {
			"version": "file:../contracts"
		},
		"@keydonix/uniswap-oracle-sdk": {
			"version": "file:../sdk",
			"requires": {
				"@zoltu/typescript-transformer-append-js-extension": "1.0.1",
				"ts-node": "8.10.1",
				"ttypescript": "1.5.10",
				"typescript": "3.9.3"
			}
		},
		"@peculiar/asn1-schema": {
			"version": "2.0.44",
			"resolved": "https://registry.npmjs.org/@peculiar/asn1-schema/-/asn1-schema-2.0.44.tgz",
			"integrity": "sha512-uaCnjQ9A9WwQSMuDJcNOCYEPXTahgKbFMvI7eMOMd8lXgx0J1eU7F3BoMsK5PFxa3dVUxjSQbaOjfgGoeHGgoQ==",
			"dev": true,
			"requires": {
				"@types/asn1js": "^2.0.2",
				"asn1js": "^2.1.1",
				"pvtsutils": "^1.2.1",
				"tslib": "^2.3.0"
			},
			"dependencies": {
				"tslib": {
					"version": "2.3.1",
					"resolved": "https://registry.npmjs.org/tslib/-/tslib-2.3.1.tgz",
					"integrity": "sha512-77EbyPPpMz+FRFRuAFlWMtmgUWGe9UOG2Z25NqCwiIjRhOf5iKGuzSe5P2w1laq+FkRy4p+PCuVkJSGkzTEKVw==",
					"dev": true
				}
			}
		},
		"@peculiar/json-schema": {
			"version": "1.1.12",
			"resolved": "https://registry.npmjs.org/@peculiar/json-schema/-/json-schema-1.1.12.tgz",
			"integrity": "sha512-coUfuoMeIB7B8/NMekxaDzLhaYmp0HZNPEjYRm9goRou8UZIC3z21s0sL9AWoCw4EG876QyO3kYrc61WNF9B/w==",
			"dev": true,
			"requires": {
				"tslib": "^2.0.0"
			},
			"dependencies": {
				"tslib": {
					"version": "2.3.1",
					"resolved": "https://registry.npmjs.org/tslib/-/tslib-2.3.1.tgz",
					"integrity": "sha512-77EbyPPpMz+FRFRuAFlWMtmgUWGe9UOG2Z25NqCwiIjRhOf5iKGuzSe5P2w1laq+FkRy4p+PCuVkJSGkzTEKVw==",
					"dev": true
				}
			}
		},
		"@peculiar/webcrypto": {
			"version": "1.1.1",
			"resolved": "https://registry.npmjs.org/@peculiar/webcrypto/-/webcrypto-1.1.1.tgz",
			"integrity": "sha512-Bu2XgOvzirnLcojZYs4KQ8hOLf2ETpa0NL6btQt5NgsAwctI6yVkzgYP+EcG7Mm579RBP+V0LM5rXyMlTVx23A==",
			"dev": true,
			"requires": {
				"@peculiar/asn1-schema": "^2.0.3",
				"@peculiar/json-schema": "^1.1.10",
				"pvtsutils": "^1.0.10",
				"tslib": "^1.11.2",
				"webcrypto-core": "^1.1.0"
			}
		},
		"@types/asn1js": {
			"version": "2.0.2",
			"resolved": "https://registry.npmjs.org/@types/asn1js/-/asn1js-2.0.2.tgz",
			"integrity": "sha512-t4YHCgtD+ERvH0FyxvNlYwJ2ezhqw7t+Ygh4urQ7dJER8i185JPv6oIM3ey5YQmGN6Zp9EMbpohkjZi9t3UxwA==",
			"dev": true
		},
		"@types/jasmine": {
			"version": "3.5.10",
			"resolved": "https://registry.npmjs.org/@types/jasmine/-/jasmine-3.5.10.tgz",
			"integrity": "sha512-3F8qpwBAiVc5+HPJeXJpbrl+XjawGmciN5LgiO7Gv1pl1RHtjoMNqZpqEksaPJW05ViKe8snYInRs6xB25Xdew==",
			"dev": true
		},
		"@types/node": {
			"version": "14.0.5",
			"resolved": "https://registry.npmjs.org/@types/node/-/node-14.0.5.tgz",
			"integrity": "sha512-90hiq6/VqtQgX8Sp0EzeIsv3r+ellbGj4URKj5j30tLlZvRUpnAe9YbYnjl3pJM93GyXU0tghHhvXHq+5rnCKA==",
			"dev": true
		},
		"@types/node-fetch": {
			"version": "2.5.7",
			"resolved": "https://registry.npmjs.org/@types/node-fetch/-/node-fetch-2.5.7.tgz",
			"integrity": "sha512-o2WVNf5UhWRkxlf6eq+jMZDu7kjgpgJfl4xVNlvryc95O/6F2ld8ztKX+qu+Rjyet93WAWm5LjeX9H5FGkODvw==",
			"dev": true,
			"requires": {
				"@types/node": "*",
				"form-data": "^3.0.0"
			}
		},
		"@zoltu/ethereum-abi-encoder": {
			"version": "5.0.4",
			"resolved": "https://registry.npmjs.org/@zoltu/ethereum-abi-encoder/-/ethereum-abi-encoder-5.0.4.tgz",
			"integrity": "sha512-HS9QiyqPinn17YyzHK+HbobCcfEyL5uQ3u4E2V0t5GgkMorJKTDhmoFD8r/Ir2KFZMimgT5SRNEuhLZnDhM3MA=="
		},
		"@zoltu/ethereum-crypto": {
			"version": "2.1.5",
			"resolved": "https://registry.npmjs.org/@zoltu/ethereum-crypto/-/ethereum-crypto-2.1.5.tgz",
			"integrity": "sha512-UIpMOt4cNGRNBA1+6w+Vcbk2CBI5T//EGH2TDoAP3pX4NOpWSXeuoffnFUSjr4yWZTWgBmMcqpkKZMVeBJ0QxA=="
		},
		"@zoltu/ethereum-fetch-json-rpc": {
			"version": "13.1.4",
			"resolved": "https://registry.npmjs.org/@zoltu/ethereum-fetch-json-rpc/-/ethereum-fetch-json-rpc-13.1.4.tgz",
			"integrity": "sha512-Ro4+H54yvRNGjVFs0MYk58DPeh4UndJU9wlaWisd9J7TdiLpOWcAAgqN6hl+E6m2Gy7RsAoFgqjUaqiyp5ebNw==",
			"requires": {
				"@zoltu/ethereum-types": "9.0.4"
			}
		},
		"@zoltu/ethereum-types": {
			"version": "9.0.4",
			"resolved": "https://registry.npmjs.org/@zoltu/ethereum-types/-/ethereum-types-9.0.4.tgz",
			"integrity": "sha512-XwSH21J8NTPlh61y6adBUzxIwJm3hyDkJ8GGz8Wkb5f3U9xozIwdtKhWjtUG3BCuHsmi3kWg3J4lomJpMojsBg=="
		},
		"@zoltu/rlp-encoder": {
			"version": "2.0.0",
			"resolved": "https://registry.npmjs.org/@zoltu/rlp-encoder/-/rlp-encoder-2.0.0.tgz",
			"integrity": "sha512-JybDoEKQvfmtqRARS/4KSZTOTTkNScjm4sjsNXiXx0LBZLONPj8JMRtteR/A9n7+CgDNN6ZA0qnFFm/pXCQXnw==",
			"dev": true
		},
		"@zoltu/solidity-typescript-generator": {
			"version": "6.1.3",
			"resolved": "https://registry.npmjs.org/@zoltu/solidity-typescript-generator/-/solidity-typescript-generator-6.1.3.tgz",
			"integrity": "sha512-QRS9dbCNaGhyztDXtYoYYCJyblB5lGWlZysbcLBobOrM/iajMluxinRfIotyllPpI8IN3DkDL0AK3M3Ysv312g==",
			"dev": true,
			"requires": {
				"@zoltu/ethereum-abi-encoder": "5.0.4",
				"@zoltu/ethereum-crypto": "2.1.5"
			}
		},
		"@zoltu/solidity-typescript-generator-fetch-dependencies": {
			"version": "6.1.3",
			"resolved": "https://registry.npmjs.org/@zoltu/solidity-typescript-generator-fetch-dependencies/-/solidity-typescript-generator-fetch-dependencies-6.1.3.tgz",
			"integrity": "sha512-OOyi2M7KJnGHhOcV2zA+GsAp9m1KWXL/XJDycsnXYz1uZiVMsOn9C8gPrnqxlwiAerD9KoN/5bUSYH1XnrOLCQ==",
			"requires": {
				"@zoltu/ethereum-abi-encoder": "5.0.4",
				"@zoltu/ethereum-crypto": "2.1.5",
				"@zoltu/ethereum-fetch-json-rpc": "13.1.4"
			}
		},
		"arg": {
			"version": "4.1.3",
			"resolved": "https://registry.npmjs.org/arg/-/arg-4.1.3.tgz",
			"integrity": "sha512-58S9QDqG0Xx27YwPSt9fJxivjYl432YCwfDMfZ+71RAqUrZef7LrKQZ3LHLOwCS4FLNBplP533Zx895SeOCHvA==",
			"dev": true
		},
		"asn1js": {
			"version": "2.2.0",
			"resolved": "https://registry.npmjs.org/asn1js/-/asn1js-2.2.0.tgz",
			"integrity": "sha512-oagLNqpfNv7CvmyMoexMDNyVDSiq1rya0AEUgcLlNHdHgNl6U/hi8xY370n5y+ZIFEXOx0J4B1qF2NDjMRxklA==",
			"dev": true,
			"requires": {
				"pvutils": "latest"
			}
		},
		"asynckit": {
			"version": "0.4.0",
			"resolved": "https://registry.npmjs.org/asynckit/-/asynckit-0.4.0.tgz",
			"integrity": "sha1-x57Zf380y48robyXkLzDZkdLS3k=",
			"dev": true
		},
		"balanced-match": {
			"version": "1.0.2",
			"resolved": "https://registry.npmjs.org/balanced-match/-/balanced-match-1.0.2.tgz",
			"integrity": "sha512-3oSeUO0TMV67hN1AmbXsK4yaqU7tjiHlbxRDZOpH0KW9+CeX4bRAaX0Anxt0tx2MrpRpWwQaPwIlISEJhYU5Pw==",
			"dev": true
		},
		"brace-expansion": {
			"version": "1.1.11",
			"resolved": "https://registry.npmjs.org/brace-expansion/-/brace-expansion-1.1.11.tgz",
			"integrity": "sha512-iCuPHDFgrHX7H2vEI/5xpz07zSHB00TpugqhmYtVmMO6518mCuRMoOYFldEBl0g187ufozdaHgWKcYFb61qGiA==",
			"dev": true,
			"requires": {
				"balanced-match": "^1.0.0",
				"concat-map": "0.0.1"
			}
		},
		"buffer-from": {
			"version": "1.1.2",
			"resolved": "https://registry.npmjs.org/buffer-from/-/buffer-from-1.1.2.tgz",
			"integrity": "sha512-E+XQCRwSbaaiChtv6k6Dwgc+bx+Bs6vuKJHHl5kox/BaKbhiXzqQOwK4cO22yElGp2OCmjwVhT3HmxgyPGnJfQ==",
			"dev": true
		},
		"combined-stream": {
			"version": "1.0.8",
			"resolved": "https://registry.npmjs.org/combined-stream/-/combined-stream-1.0.8.tgz",
			"integrity": "sha512-FQN4MRfuJeHf7cBbBMJFXhKSDq+2kAArBlmRBvcvFE5BB1HZKXtSFASDhdlz9zOYwxh8lDdnvmMOe/+5cdoEdg==",
			"dev": true,
			"requires": {
				"delayed-stream": "~1.0.0"
			}
		},
		"command-exists": {
			"version": "1.2.9",
			"resolved": "https://registry.npmjs.org/command-exists/-/command-exists-1.2.9.tgz",
			"integrity": "sha512-LTQ/SGc+s0Xc0Fu5WaKnR0YiygZkm9eKFvyS+fRsU7/ZWFF8ykFM6Pc9aCVf1+xasOOZpO3BAVgVrKvsqKHV7w==",
			"dev": true
		},
		"commander": {
			"version": "3.0.2",
			"resolved": "https://registry.npmjs.org/commander/-/commander-3.0.2.tgz",
			"integrity": "sha512-Gar0ASD4BDyKC4hl4DwHqDrmvjoxWKZigVnAbn5H1owvm4CxCPdb0HQDehwNYMJpla5+M2tPmPARzhtYuwpHow==",
			"dev": true
		},
		"concat-map": {
			"version": "0.0.1",
			"resolved": "https://registry.npmjs.org/concat-map/-/concat-map-0.0.1.tgz",
			"integrity": "sha1-2Klr13/Wjfd5OnMDajug1UBdR3s=",
			"dev": true
		},
		"delayed-stream": {
			"version": "1.0.0",
			"resolved": "https://registry.npmjs.org/delayed-stream/-/delayed-stream-1.0.0.tgz",
			"integrity": "sha1-3zrhmayt+31ECqrgsp4icrJOxhk=",
			"dev": true
		},
		"diff": {
			"version": "4.0.2",
			"resolved": "https://registry.npmjs.org/diff/-/diff-4.0.2.tgz",
			"integrity": "sha512-58lmxKSA4BNyLz+HHMUzlOEpg09FV+ev6ZMe3vJihgdxzgcwZ8VoEEPmALCZG9LmqfVoNMMKpttIYTVG6uDY7A==",
			"dev": true
		},
		"form-data": {
			"version": "3.0.1",
			"resolved": "https://registry.npmjs.org/form-data/-/form-data-3.0.1.tgz",
			"integrity": "sha512-RHkBKtLWUVwd7SqRIvCZMEvAMoGUp0XU+seQiZejj0COz3RI3hWP4sCv3gZWWLjJTd7rGwcsF5eKZGii0r/hbg==",
			"dev": true,
			"requires": {
				"asynckit": "^0.4.0",
				"combined-stream": "^1.0.8",
				"mime-types": "^2.1.12"
			}
		},
		"fs-extra": {
			"version": "0.30.0",
			"resolved": "https://registry.npmjs.org/fs-extra/-/fs-extra-0.30.0.tgz",
			"integrity": "sha1-8jP/zAjU2n1DLapEl3aYnbHfk/A=",
			"dev": true,
			"requires": {
				"graceful-fs": "^4.1.2",
				"jsonfile": "^2.1.0",
				"klaw": "^1.0.0",
				"path-is-absolute": "^1.0.0",
				"rimraf": "^2.2.8"
			}
		},
		"fs.realpath": {
			"version": "1.0.0",
			"resolved": "https://registry.npmjs.org/fs.realpath/-/fs.realpath-1.0.0.tgz",
			"integrity": "sha1-FQStJSMVjKpA20onh8sBQRmU6k8=",
			"dev": true
		},
		"glob": {
			"version": "7.2.0",
			"resolved": "https://registry.npmjs.org/glob/-/glob-7.2.0.tgz",
			"integrity": "sha512-lmLf6gtyrPq8tTjSmrO94wBeQbFR3HbLHbuyD69wuyQkImp2hWqMGB47OX65FBkPffO641IP9jWa1z4ivqG26Q==",
			"dev": true,
			"requires": {
				"fs.realpath": "^1.0.0",
				"inflight": "^1.0.4",
				"inherits": "2",
				"minimatch": "^3.0.4",
				"once": "^1.3.0",
				"path-is-absolute": "^1.0.0"
			}
		},
		"graceful-fs": {
			"version": "4.2.8",
			"resolved": "https://registry.npmjs.org/graceful-fs/-/graceful-fs-4.2.8.tgz",
			"integrity": "sha512-qkIilPUYcNhJpd33n0GBXTB1MMPp14TxEsEs0pTrsSVucApsYzW5V+Q8Qxhik6KU3evy+qkAAowTByymK0avdg==",
			"dev": true
		},
		"inflight": {
			"version": "1.0.6",
			"resolved": "https://registry.npmjs.org/inflight/-/inflight-1.0.6.tgz",
			"integrity": "sha1-Sb1jMdfQLQwJvJEKEHW6gWW1bfk=",
			"dev": true,
			"requires": {
				"once": "^1.3.0",
				"wrappy": "1"
			}
		},
		"inherits": {
			"version": "2.0.4",
			"resolved": "https://registry.npmjs.org/inherits/-/inherits-2.0.4.tgz",
			"integrity": "sha512-k/vGaX4/Yla3WzyMCvTQOXYeIHvqOKtnqBduzTHpzpQZzAskKMhZ2K+EnBiSM9zGSoIFeMpXKxa4dYeZIQqewQ==",
			"dev": true
		},
		"jasmine": {
			"version": "3.5.0",
			"resolved": "https://registry.npmjs.org/jasmine/-/jasmine-3.5.0.tgz",
			"integrity": "sha512-DYypSryORqzsGoMazemIHUfMkXM7I7easFaxAvNM3Mr6Xz3Fy36TupTrAOxZWN8MVKEU5xECv22J4tUQf3uBzQ==",
			"dev": true,
			"requires": {
				"glob": "^7.1.4",
				"jasmine-core": "~3.5.0"
			}
		},
		"jasmine-core": {
			"version": "3.5.0",
			"resolved": "https://registry.npmjs.org/jasmine-core/-/jasmine-core-3.5.0.tgz",
			"integrity": "sha512-nCeAiw37MIMA9w9IXso7bRaLl+c/ef3wnxsoSAlYrzS+Ot0zTG6nU8G/cIfGkqpkjX2wNaIW9RFG0TwIFnG6bA==",
			"dev": true
		},
		"js-sha3": {
			"version": "0.8.0",
			"resolved": "https://registry.npmjs.org/js-sha3/-/js-sha3-0.8.0.tgz",
			"integrity": "sha512-gF1cRrHhIzNfToc802P800N8PpXS+evLLXfsVpowqmAFR9uwbi89WvXg2QspOmXL8QL86J4T1EpFu+yUkwJY3Q==",
			"dev": true
		},
		"jsonfile": {
			"version": "2.4.0",
			"resolved": "https://registry.npmjs.org/jsonfile/-/jsonfile-2.4.0.tgz",
			"integrity": "sha1-NzaitCi4e72gzIO1P6PWM6NcKug=",
			"dev": true,
			"requires": {
				"graceful-fs": "^4.1.6"
			}
		},
		"klaw": {
			"version": "1.3.1",
			"resolved": "https://registry.npmjs.org/klaw/-/klaw-1.3.1.tgz",
			"integrity": "sha1-QIhDO0azsbolnXh4XY6W9zugJDk=",
			"dev": true,
			"requires": {
				"graceful-fs": "^4.1.9"
			}
		},
		"make-error": {
			"version": "1.3.6",
			"resolved": "https://registry.npmjs.org/make-error/-/make-error-1.3.6.tgz",
			"integrity": "sha512-s8UhlNe7vPKomQhC1qFelMokr/Sc3AgNbso3n74mVPA5LTZwkB9NlXf4XPamLxJE8h0gh73rM94xvwRT2CVInw==",
			"dev": true
		},
		"memorystream": {
			"version": "0.3.1",
			"resolved": "https://registry.npmjs.org/memorystream/-/memorystream-0.3.1.tgz",
			"integrity": "sha1-htcJCzDORV1j+64S3aUaR93K+bI=",
			"dev": true
		},
		"mime-db": {
			"version": "1.51.0",
			"resolved": "https://registry.npmjs.org/mime-db/-/mime-db-1.51.0.tgz",
			"integrity": "sha512-5y8A56jg7XVQx2mbv1lu49NR4dokRnhZYTtL+KGfaa27uq4pSTXkwQkFJl4pkRMyNFz/EtYDSkiiEHx3F7UN6g==",
			"dev": true
		},
		"mime-types": {
			"version": "2.1.34",
			"resolved": "https://registry.npmjs.org/mime-types/-/mime-types-2.1.34.tgz",
			"integrity": "sha512-6cP692WwGIs9XXdOO4++N+7qjqv0rqxxVvJ3VHPh/Sc9mVZcQP+ZGhkKiTvWMQRr2tbHkJP/Yn7Y0npb3ZBs4A==",
			"dev": true,
			"requires": {
				"mime-db": "1.51.0"
			}
		},
		"minimatch": {
			"version": "3.0.4",
			"resolved": "https://registry.npmjs.org/minimatch/-/minimatch-3.0.4.tgz",
			"integrity": "sha512-yJHVQEhyqPLUTgt9B83PXu6W3rx4MvvHvSUvToogpwoGDOUQ+yDrR0HRot+yOCdCO7u4hX3pWft6kWBBcqh0UA==",
			"dev": true,
			"requires": {
				"brace-expansion": "^1.1.7"
			}
		},
		"node-fetch": {
			"version": "2.6.1",
			"resolved": "https://registry.npmjs.org/node-fetch/-/node-fetch-2.6.1.tgz",
			"integrity": "sha512-V4aYg89jEoVRxRb2fJdAg8FHvI7cEyYdVAh94HH0UIK8oJxUfkjlDQN9RbMx+bEjP7+ggMiFRprSti032Oipxw==",
			"dev": true
		},
		"once": {
			"version": "1.4.0",
			"resolved": "https://registry.npmjs.org/once/-/once-1.4.0.tgz",
			"integrity": "sha1-WDsap3WWHUsROsF9nFC6753Xa9E=",
			"dev": true,
			"requires": {
				"wrappy": "1"
			}
		},
		"os-tmpdir": {
			"version": "1.0.2",
			"resolved": "https://registry.npmjs.org/os-tmpdir/-/os-tmpdir-1.0.2.tgz",
			"integrity": "sha1-u+Z0BseaqFxc/sdm/lc0VV36EnQ=",
			"dev": true
		},
		"path-is-absolute": {
			"version": "1.0.1",
			"resolved": "https://registry.npmjs.org/path-is-absolute/-/path-is-absolute-1.0.1.tgz",
			"integrity": "sha1-F0uSaHNVNP+8es5r9TpanhtcX18=",
			"dev": true
		},
		"pvtsutils": {
			"version": "1.2.1",
			"resolved": "https://registry.npmjs.org/pvtsutils/-/pvtsutils-1.2.1.tgz",
			"integrity": "sha512-Q867jEr30lBR2YSFFLZ0/XsEvpweqH6Kj096wmlRAFXrdRGPCNq2iz9B5Tk085EZ+OBZyYAVA5UhPkjSHGrUzQ==",
			"dev": true,
			"requires": {
				"tslib": "^2.3.1"
			},
			"dependencies": {
				"tslib": {
					"version": "2.3.1",
					"resolved": "https://registry.npmjs.org/tslib/-/tslib-2.3.1.tgz",
					"integrity": "sha512-77EbyPPpMz+FRFRuAFlWMtmgUWGe9UOG2Z25NqCwiIjRhOf5iKGuzSe5P2w1laq+FkRy4p+PCuVkJSGkzTEKVw==",
					"dev": true
				}
			}
		},
		"pvutils": {
			"version": "1.0.17",
			"resolved": "https://registry.npmjs.org/pvutils/-/pvutils-1.0.17.tgz",
			"integrity": "sha512-wLHYUQxWaXVQvKnwIDWFVKDJku9XDCvyhhxoq8dc5MFdIlRenyPI9eSfEtcvgHgD7FlvCyGAlWgOzRnZD99GZQ==",
			"dev": true
		},
		"require-from-string": {
			"version": "2.0.2",
			"resolved": "https://registry.npmjs.org/require-from-string/-/require-from-string-2.0.2.tgz",
			"integrity": "sha512-Xf0nWe6RseziFMu+Ap9biiUbmplq6S9/p+7w7YXP/JBHhrUDDUhwa+vANyubuqfZWTveU//DYVGsDG7RKL/vEw==",
			"dev": true
		},
		"rimraf": {
			"version": "2.7.1",
			"resolved": "https://registry.npmjs.org/rimraf/-/rimraf-2.7.1.tgz",
			"integrity": "sha512-uWjbaKIK3T1OSVptzX7Nl6PvQ3qAGtKEtVRjRuazjfL3Bx5eI409VZSqgND+4UNnmzLVdPj9FqFJNPqBZFve4w==",
			"dev": true,
			"requires": {
				"glob": "^7.1.3"
			}
		},
		"semver": {
			"version": "5.7.1",
			"resolved": "https://registry.npmjs.org/semver/-/semver-5.7.1.tgz",
			"integrity": "sha512-sauaDf/PZdVgrLTNYHRtpXa1iRiKcaebiKQ1BJdpQlWH2lCvexQdX55snPFyK7QzpudqbCI0qXFfOasHdyNDGQ==",
			"dev": true
		},
		"solc": {
			"version": "0.6.8",
			"resolved": "https://registry.npmjs.org/solc/-/solc-0.6.8.tgz",
			"integrity": "sha512-7URBAisWVjO7dwWNpEkQ5dpRSpSF4Wm0aD5EB82D5BQKh+q7jhOxhgkG4K5gax/geM0kPZUAxnaLcgl2ZXBgMQ==",
			"dev": true,
			"requires": {
				"command-exists": "^1.2.8",
				"commander": "3.0.2",
				"fs-extra": "^0.30.0",
				"js-sha3": "0.8.0",
				"memorystream": "^0.3.1",
				"require-from-string": "^2.0.0",
				"semver": "^5.5.0",
				"tmp": "0.0.33"
			}
		},
		"source-map": {
			"version": "0.6.1",
			"resolved": "https://registry.npmjs.org/source-map/-/source-map-0.6.1.tgz",
			"integrity": "sha512-UjgapumWlbMhkBgzT7Ykc5YXUT46F0iKu8SGXq0bcwP5dz/h0Plj6enJqjz1Zbq2l5WaqYnrVbwWOWMyF3F47g==",
			"dev": true
		},
		"source-map-support": {
			"version": "0.5.21",
			"resolved": "https://registry.npmjs.org/source-map-support/-/source-map-support-0.5.21.tgz",
			"integrity": "sha512-uBHU3L3czsIyYXKX88fdrGovxdSCoTGDRZ6SYXtSRxLZUzHg5P/66Ht6uoUlHu9EZod+inXhKo3qQgwXUT/y1w==",
			"dev": true,
			"requires": {
				"buffer-from": "^1.0.0",
				"source-map": "^0.6.0"
			}
		},
		"tmp": {
			"version": "0.0.33",
			"resolved": "https://registry.npmjs.org/tmp/-/tmp-0.0.33.tgz",
			"integrity": "sha512-jRCJlojKnZ3addtTOjdIqoRuPEKBvNXcGYqzO6zWZX8KfKEpnGY5jfggJQ3EjKuu8D4bJRr0y+cYJFmYbImXGw==",
			"dev": true,
			"requires": {
				"os-tmpdir": "~1.0.2"
			}
		},
		"ts-node": {
			"version": "8.10.1",
			"resolved": "https://registry.npmjs.org/ts-node/-/ts-node-8.10.1.tgz",
			"integrity": "sha512-bdNz1L4ekHiJul6SHtZWs1ujEKERJnHs4HxN7rjTyyVOFf3HaJ6sLqe6aPG62XTzAB/63pKRh5jTSWL0D7bsvw==",
			"dev": true,
			"requires": {
				"arg": "^4.1.0",
				"diff": "^4.0.1",
				"make-error": "^1.1.1",
				"source-map-support": "^0.5.17",
				"yn": "3.1.1"
			}
		},
		"tslib": {
			"version": "1.14.1",
			"resolved": "https://registry.npmjs.org/tslib/-/tslib-1.14.1.tgz",
			"integrity": "sha512-Xni35NKzjgMrwevysHTCArtLDpPvye8zV/0E4EyYn43P7/7qvQwPh9BGkHewbMulVntbigmcT7rdX3BNo9wRJg==",
			"dev": true
		},
		"typescript": {
			"version": "3.9.3",
			"resolved": "https://registry.npmjs.org/typescript/-/typescript-3.9.3.tgz",
			"integrity": "sha512-D/wqnB2xzNFIcoBG9FG8cXRDjiqSTbG2wd8DMZeQyJlP1vfTkIxH4GKveWaEBYySKIg+USu+E+EDIR47SqnaMQ==",
			"dev": true
		},
		"webcrypto-core": {
			"version": "1.4.0",
			"resolved": "https://registry.npmjs.org/webcrypto-core/-/webcrypto-core-1.4.0.tgz",
			"integrity": "sha512-HY3Zo0GcRIQUUDnlZ/shGjN+4f7LVMkdJZoGPog+oHhJsJdMz6iM8Za5xZ0t6qg7Fx/JXXz+oBv2J2p982hGTQ==",
			"dev": true,
			"requires": {
				"@peculiar/asn1-schema": "^2.0.44",
				"@peculiar/json-schema": "^1.1.12",
				"asn1js": "^2.1.1",
				"pvtsutils": "^1.2.0",
				"tslib": "^2.3.1"
			},
			"dependencies": {
				"tslib": {
					"version": "2.3.1",
					"resolved": "https://registry.npmjs.org/tslib/-/tslib-2.3.1.tgz",
					"integrity": "sha512-77EbyPPpMz+FRFRuAFlWMtmgUWGe9UOG2Z25NqCwiIjRhOf5iKGuzSe5P2w1laq+FkRy4p+PCuVkJSGkzTEKVw==",
					"dev": true
				}
			}
		},
		"wrappy": {
			"version": "1.0.2",
			"resolved": "https://registry.npmjs.org/wrappy/-/wrappy-1.0.2.tgz",
			"integrity": "sha1-tSQ9jz7BqjXxNkYFvA0QNuMKtp8=",
			"dev": true
		},
		"yn": {
			"version": "3.1.1",
			"resolved": "https://registry.npmjs.org/yn/-/yn-3.1.1.tgz",
			"integrity": "sha512-Ux4ygGWsu2c7isFWe8Yu1YluJmqVhxqK2cLXNQA5AcC3QfbGNpM7fu0Y8b/z16pXLnFxZYvWhd3fhBY9DLmC6Q==",
			"dev": true
		}
	}
}
